[{<<"bson">>,
  {git,"git://github.com/comtihon/bson-erlang",
       {ref,"f5a8c7030dd0107d2eed99059bc09c53ebe5e5dd"}},
  1},
 {<<"elli">>,
  {git,"https://github.com/elli-lib/elli.git",
       {ref,"3ec352293ef493c142767127f4113c85541c32cc"}},
  1},
 {<<"erf">>,
  {git,"git@github.com:nomasystems/erf.git",
       {ref,"6fb53c74fe07d16d6ca9816b5b32ce774b91304a"}},
  0},
 {<<"mongodb">>,
  {git,"git://github.com/comtihon/mongodb-erlang",
       {ref,"5e146739a69a5323bb42e6f07b259e6f493ff55a"}},
  0},
 {<<"ncalendar">>,
  {git,"https://github.com/nomasystems/ncalendar.git",
       {ref,"aa5615f6723585e45e82fa5524cb976cdfe3d7f7"}},
  2},
 {<<"ndto">>,
  {git,"https://github.com/nomasystems/ndto.git",
       {ref,"295281b72ea4ac85e7c4d5ca42337c68b1aac137"}},
  1},
 {<<"njson">>,
  {git,"https://github.com/nomasystems/njson.git",
       {ref,"94c586b92a7e24c403089cdbe2994b7e7c87b9cc"}},
  1},
 {<<"nuid">>,
  {git,"git@github.com:nomasystems/nuid.git",
       {ref,"450f3880c6781753adbb7fa9b53ecf087a0f4c28"}},
  0},
 {<<"pbkdf2">>,
  {git,"git://github.com/comtihon/erlang-pbkdf2.git",
       {ref,"5201a735639496fc595061160117e4ec155d73f5"}},
  1},
 {<<"poolboy">>,
  {git,"git://github.com/comtihon/poolboy.git",
       {ref,"6b5212c4cb20b85e57c9627bb0940c126f4e0766"}},
  1}].
